
Microsoft Visual Studio Solution File, Format Version 12.00
# Visual Studio 15
VisualStudioVersion = 15.0.33403.129
MinimumVisualStudioVersion = 10.0.40219.1
Project("{FAE04EC0-301F-11D3-BF4B-00C04F79EFBC}") = "Kundelik.BL", "Kundelik.BL\Kundelik.BL.csproj", "{93ED9BB0-D2EE-45EE-BC00-E0D036DDB244}"
EndProject
Project("{FAE04EC0-301F-11D3-BF4B-00C04F79EFBC}") = "Kundelik.cmd", "Kundelik.cmd\Kundelik.cmd.csproj", "{6B3D5F75-7F7D-46D6-BC0A-374D9AC2E3EC}"
EndProject
Project("{FAE04EC0-301F-11D3-BF4B-00C04F79EFBC}") = "Kundelik.BLTests", "Kundelik.BLTests\Kundelik.BLTests.csproj", "{716D8890-AEA9-4268-9D85-A2E2D7BFEFD7}"
EndProject
Global
	GlobalSection(SolutionConfigurationPlatforms) = preSolution
		Debug|Any CPU = Debug|Any CPU
		Release|Any CPU = Release|Any CPU
	EndGlobalSection
	GlobalSection(ProjectConfigurationPlatforms) = postSolution
		{93ED9BB0-D2EE-45EE-BC00-E0D036DDB244}.Debug|Any CPU.ActiveCfg = Debug|Any CPU
		{93ED9BB0-D2EE-45EE-BC00-E0D036DDB244}.Debug|Any CPU.Build.0 = Debug|Any CPU
		{93ED9BB0-D2EE-45EE-BC00-E0D036DDB244}.Release|Any CPU.ActiveCfg = Release|Any CPU
		{93ED9BB0-D2EE-45EE-BC00-E0D036DDB244}.Release|Any CPU.Build.0 = Release|Any CPU
		{6B3D5F75-7F7D-46D6-BC0A-374D9AC2E3EC}.Debug|Any CPU.ActiveCfg = Debug|Any CPU
		{6B3D5F75-7F7D-46D6-BC0A-374D9AC2E3EC}.Debug|Any CPU.Build.0 = Debug|Any CPU
		{6B3D5F75-7F7D-46D6-BC0A-374D9AC2E3EC}.Release|Any CPU.ActiveCfg = Release|Any CPU
		{6B3D5F75-7F7D-46D6-BC0A-374D9AC2E3EC}.Release|Any CPU.Build.0 = Release|Any CPU
		{716D8890-AEA9-4268-9D85-A2E2D7BFEFD7}.Debug|Any CPU.ActiveCfg = Debug|Any CPU
		{716D8890-AEA9-4268-9D85-A2E2D7BFEFD7}.Debug|Any CPU.Build.0 = Debug|Any CPU
		{716D8890-AEA9-4268-9D85-A2E2D7BFEFD7}.Release|Any CPU.ActiveCfg = Release|Any CPU
		{716D8890-AEA9-4268-9D85-A2E2D7BFEFD7}.Release|Any CPU.Build.0 = Release|Any CPU
	EndGlobalSection
	GlobalSection(SolutionProperties) = preSolution
		HideSolutionNode = FALSE
	EndGlobalSection
	GlobalSection(ExtensibilityGlobals) = postSolution
		SolutionGuid = {BDA79661-9F23-43D6-B89B-E3AA005EEB86}
	EndGlobalSection
EndGlobal
